Microsoft Visual Studio Solution File, Format Version 12.00
# Visual Studio 2012
Project("{F184B08F-C81C-45F6-A57F-5ABD9991F28F}") = "ShapeTitleOptions", "ShapeTitleOptions\ShapeTitleOptions.vbproj", "{D899C8ED-D0A2-4BD6-9156-3F4A38A534E5}"
EndProject
Global
	GlobalSection(SolutionConfigurationPlatforms) = preSolution
		Debug|Any CPU = Debug|Any CPU
		Release|Any CPU = Release|Any CPU
	EndGlobalSection
	GlobalSection(ProjectConfigurationPlatforms) = postSolution
		{D899C8ED-D0A2-4BD6-9156-3F4A38A534E5}.Debug|Any CPU.ActiveCfg = Debug|Any CPU
		{D899C8ED-D0A2-4BD6-9156-3F4A38A534E5}.Debug|Any CPU.Build.0 = Debug|Any CPU
		{D899C8ED-D0A2-4BD6-9156-3F4A38A534E5}.Release|Any CPU.ActiveCfg = Release|Any CPU
		{D899C8ED-D0A2-4BD6-9156-3F4A38A534E5}.Release|Any CPU.Build.0 = Release|Any CPU
	EndGlobalSection
	GlobalSection(SolutionProperties) = preSolution
		HideSolutionNode = FALSE
	EndGlobalSection
EndGlobal
